{
  "name": "docker-react",
  "version": "0.0.1-alpha.0",
  "lockfileVersion": 2,
  "requires": true,
  "packages": {
    "": {
      "name": "docker-react",
      "version": "0.0.1-alpha.0",
      "license": "MIT",
      "bin": {
        "docker-cra": "bin/docker-react"
      },
      "devDependencies": {
        "@danielemeryau/prettier-config": "^0.0.6",
        "typescript": "^4.5.4"
      }
    },
    "node_modules/@danielemeryau/prettier-config": {
      "version": "0.0.6",
      "resolved": "https://registry.npmjs.org/@danielemeryau/prettier-config/-/prettier-config-0.0.6.tgz",
      "integrity": "sha512-jXNGpryXbGz8h8O0QRH9qXlI8UuNoCzNWadlZYdwFS8cLxdB7y2M4+OaxAFaFRTBoyepwKzBcYU2vtg94Sz7eQ==",
      "dev": true
    },
    "node_modules/typescript": {
      "version": "4.5.4",
      "resolved": "https://registry.npmjs.org/typescript/-/typescript-4.5.4.tgz",
      "integrity": "sha512-VgYs2A2QIRuGphtzFV7aQJduJ2gyfTljngLzjpfW9FoYZF6xuw1W0vW9ghCKLfcWrCFxK81CSGRAvS1pn4fIUg==",
      "dev": true,
      "bin": {
        "tsc": "bin/tsc",
        "tsserver": "bin/tsserver"
      },
      "engines": {
        "node": ">=4.2.0"
      }
    }
  },
  "dependencies": {
    "@danielemeryau/prettier-config": {
      "version": "0.0.6",
      "resolved": "https://registry.npmjs.org/@danielemeryau/prettier-config/-/prettier-config-0.0.6.tgz",
      "integrity": "sha512-jXNGpryXbGz8h8O0QRH9qXlI8UuNoCzNWadlZYdwFS8cLxdB7y2M4+OaxAFaFRTBoyepwKzBcYU2vtg94Sz7eQ==",
      "dev": true
    },
    "typescript": {
      "version": "4.5.4",
      "resolved": "https://registry.npmjs.org/typescript/-/typescript-4.5.4.tgz",
      "integrity": "sha512-VgYs2A2QIRuGphtzFV7aQJduJ2gyfTljngLzjpfW9FoYZF6xuw1W0vW9ghCKLfcWrCFxK81CSGRAvS1pn4fIUg==",
      "dev": true
    }
  }
}
